{
  "name": "academy",
  "version": "1.0.0",
  "lockfileVersion": 1,
  "requires": true,
  "dependencies": {
    "i18n-js": {
      "version": "3.5.1",
      "resolved": "https://registry.npmjs.org/i18n-js/-/i18n-js-3.5.1.tgz",
      "integrity": "sha512-nJgbE5Vj9qzOQfjdVd/uoMoO8ppVaB/3LB6KOmMfD8IQ1vNNh307iHyQLK8ZnLYWkAszfPvVpYmUt1Le/RuHMQ=="
    }
  }
}
